
Microsoft Visual Studio Solution File, Format Version 10.00
# Visual Studio 2008
Project("{FAE04EC0-301F-11D3-BF4B-00C04F79EFBC}") = "WordGame", "WordGame\WordGame.csproj", "{533990EB-4D44-414B-9858-68F83EF87B6E}"
EndProject
Global
	GlobalSection(SharpSetup) = preSolution
		Version = 1.2
	EndGlobalSection
	GlobalSection(SolutionConfigurationPlatforms) = preSolution
		Debug|Any CPU = Debug|Any CPU
		DebugTest|Any CPU = DebugTest|Any CPU
		Release|Any CPU = Release|Any CPU
	EndGlobalSection
	GlobalSection(ProjectConfigurationPlatforms) = postSolution
		{533990EB-4D44-414B-9858-68F83EF87B6E}.Debug|Any CPU.ActiveCfg = Debug|Any CPU
		{533990EB-4D44-414B-9858-68F83EF87B6E}.Debug|Any CPU.Build.0 = Debug|Any CPU
		{533990EB-4D44-414B-9858-68F83EF87B6E}.DebugTest|Any CPU.ActiveCfg = DebugTest|Any CPU
		{533990EB-4D44-414B-9858-68F83EF87B6E}.DebugTest|Any CPU.Build.0 = DebugTest|Any CPU
		{533990EB-4D44-414B-9858-68F83EF87B6E}.Release|Any CPU.ActiveCfg = Release|Any CPU
		{533990EB-4D44-414B-9858-68F83EF87B6E}.Release|Any CPU.Build.0 = Release|Any CPU
	EndGlobalSection
	GlobalSection(SolutionProperties) = preSolution
		HideSolutionNode = FALSE
	EndGlobalSection
EndGlobal
